// !$*UTF8*$!
{
	archiveVersion = 1;
	classes = {
	};
	objectVersion = 46;
	objects = {

/* Begin PBXBuildFile section */
		640A9E3E1EE69DB3007144DC /* MapKit.framework in Frameworks */ = {isa = PBXBuildFile; fileRef = 640A9E3D1EE69DB2007144DC /* MapKit.framework */; };
		640A9E401EE69DBC007144DC /* CoreLocation.framework in Frameworks */ = {isa = PBXBuildFile; fileRef = 640A9E3F1EE69DBC007144DC /* CoreLocation.framework */; };
		640A9E561EE69F33007144DC /* citydict.plist in Resources */ = {isa = PBXBuildFile; fileRef = 640A9E431EE69F33007144DC /* citydict.plist */; };
		640A9E571EE69F33007144DC /* CityViewCell.m in Sources */ = {isa = PBXBuildFile; fileRef = 640A9E451EE69F33007144DC /* CityViewCell.m */; };
		640A9E581EE69F33007144DC /* CityViewCell.xib in Resources */ = {isa = PBXBuildFile; fileRef = 640A9E461EE69F33007144DC /* CityViewCell.xib */; };
		640A9E591EE69F33007144DC /* HeadView.m in Sources */ = {isa = PBXBuildFile; fileRef = 640A9E481EE69F33007144DC /* HeadView.m */; };
		640A9E5A1EE69F33007144DC /* HeadView.xib in Resources */ = {isa = PBXBuildFile; fileRef = 640A9E491EE69F33007144DC /* HeadView.xib */; };
		640A9E5B1EE69F33007144DC /* ItemViewCell.m in Sources */ = {isa = PBXBuildFile; fileRef = 640A9E4B1EE69F33007144DC /* ItemViewCell.m */; };
		640A9E5C1EE69F33007144DC /* ItemViewCell.xib in Resources */ = {isa = PBXBuildFile; fileRef = 640A9E4C1EE69F33007144DC /* ItemViewCell.xib */; };
		640A9E5D1EE69F33007144DC /* NBSearchController.m in Sources */ = {isa = PBXBuildFile; fileRef = 640A9E4E1EE69F33007144DC /* NBSearchController.m */; };
		640A9E5E1EE69F33007144DC /* NBSearchResultController.m in Sources */ = {isa = PBXBuildFile; fileRef = 640A9E501EE69F33007144DC /* NBSearchResultController.m */; };
		640A9E5F1EE69F33007144DC /* SearchResult.m in Sources */ = {isa = PBXBuildFile; fileRef = 640A9E531EE69F33007144DC /* SearchResult.m */; };
		640A9E601EE69F33007144DC /* ZWCollectionViewFlowLayout.m in Sources */ = {isa = PBXBuildFile; fileRef = 640A9E551EE69F33007144DC /* ZWCollectionViewFlowLayout.m */; };
		640A9E761EE6A010007144DC /* NSMutableArray+FilterElement.m in Sources */ = {isa = PBXBuildFile; fileRef = 640A9E641EE6A010007144DC /* NSMutableArray+FilterElement.m */; };
		640A9E771EE6A010007144DC /* ChineseInclude.m in Sources */ = {isa = PBXBuildFile; fileRef = 640A9E671EE6A010007144DC /* ChineseInclude.m */; };
		640A9E781EE6A010007144DC /* ChineseToPinyinResource.m in Sources */ = {isa = PBXBuildFile; fileRef = 640A9E691EE6A010007144DC /* ChineseToPinyinResource.m */; };
		640A9E791EE6A010007144DC /* HanyuPinyinOutputFormat.m in Sources */ = {isa = PBXBuildFile; fileRef = 640A9E6B1EE6A010007144DC /* HanyuPinyinOutputFormat.m */; };
		640A9E7A1EE6A010007144DC /* NSString+PinYin4Cocoa.m in Sources */ = {isa = PBXBuildFile; fileRef = 640A9E6D1EE6A010007144DC /* NSString+PinYin4Cocoa.m */; };
		640A9E7B1EE6A010007144DC /* PinyinFormatter.m in Sources */ = {isa = PBXBuildFile; fileRef = 640A9E701EE6A010007144DC /* PinyinFormatter.m */; };
		640A9E7C1EE6A010007144DC /* PinYinForObjc.m in Sources */ = {isa = PBXBuildFile; fileRef = 640A9E721EE6A010007144DC /* PinYinForObjc.m */; };
		640A9E7D1EE6A010007144DC /* PinyinHelper.m in Sources */ = {isa = PBXBuildFile; fileRef = 640A9E741EE6A010007144DC /* PinyinHelper.m */; };
		640A9E7E1EE6A010007144DC /* unicode_to_hanyu_pinyin.txt in Resources */ = {isa = PBXBuildFile; fileRef = 640A9E751EE6A010007144DC /* unicode_to_hanyu_pinyin.txt */; };
		640A9E801EE6AA76007144DC /* icon.png in Resources */ = {isa = PBXBuildFile; fileRef = 640A9E7F1EE6AA76007144DC /* icon.png */; };
		640A9E861EE7E42F007144DC /* ContactsUI.framework in Frameworks */ = {isa = PBXBuildFile; fileRef = 640A9E851EE7E42F007144DC /* ContactsUI.framework */; };
		640A9E871EE7E576007144DC /* AddressBook.framework in Frameworks */ = {isa = PBXBuildFile; fileRef = 640A9E811EE7E404007144DC /* AddressBook.framework */; };
		640A9E881EE7E57E007144DC /* AddressBookUI.framework in Frameworks */ = {isa = PBXBuildFile; fileRef = 640A9E831EE7E40F007144DC /* AddressBookUI.framework */; };
		640A9E8B1EE7FCED007144DC /* MBProgressHUD.m in Sources */ = {isa = PBXBuildFile; fileRef = 640A9E8A1EE7FCED007144DC /* MBProgressHUD.m */; };
		64C78E8F1EE007AE007D2DF8 /* main.m in Sources */ = {isa = PBXBuildFile; fileRef = 64C78E8E1EE007AE007D2DF8 /* main.m */; };
		64C78E921EE007AE007D2DF8 /* AppDelegate.m in Sources */ = {isa = PBXBuildFile; fileRef = 64C78E911EE007AE007D2DF8 /* AppDelegate.m */; };
		64C78E9A1EE007AE007D2DF8 /* Assets.xcassets in Resources */ = {isa = PBXBuildFile; fileRef = 64C78E991EE007AE007D2DF8 /* Assets.xcassets */; };
		64C78E9D1EE007AE007D2DF8 /* LaunchScreen.storyboard in Resources */ = {isa = PBXBuildFile; fileRef = 64C78E9B1EE007AE007D2DF8 /* LaunchScreen.storyboard */; };
		64C78EA81EE007AE007D2DF8 /* CustomPJTests.m in Sources */ = {isa = PBXBuildFile; fileRef = 64C78EA71EE007AE007D2DF8 /* CustomPJTests.m */; };
		64C78EB31EE007AE007D2DF8 /* CustomPJUITests.m in Sources */ = {isa = PBXBuildFile; fileRef = 64C78EB21EE007AE007D2DF8 /* CustomPJUITests.m */; };
		64C78EC71EE00963007D2DF8 /* 2.jpg in Resources */ = {isa = PBXBuildFile; fileRef = 64C78EC61EE00963007D2DF8 /* 2.jpg */; };
		64C78ED51EE0189A007D2DF8 /* MainViewController.m in Sources */ = {isa = PBXBuildFile; fileRef = 64C78ED31EE0189A007D2DF8 /* MainViewController.m */; };
		64C78ED61EE0189A007D2DF8 /* MainViewController.xib in Resources */ = {isa = PBXBuildFile; fileRef = 64C78ED41EE0189A007D2DF8 /* MainViewController.xib */; };
		64C78EDA1EE018B0007D2DF8 /* MessageViewController.m in Sources */ = {isa = PBXBuildFile; fileRef = 64C78ED81EE018B0007D2DF8 /* MessageViewController.m */; };
		64C78EDB1EE018B0007D2DF8 /* MessageViewController.xib in Resources */ = {isa = PBXBuildFile; fileRef = 64C78ED91EE018B0007D2DF8 /* MessageViewController.xib */; };
		64C78EDF1EE018BD007D2DF8 /* MyViewController.m in Sources */ = {isa = PBXBuildFile; fileRef = 64C78EDD1EE018BD007D2DF8 /* MyViewController.m */; };
		64C78EE01EE018BD007D2DF8 /* MyViewController.xib in Resources */ = {isa = PBXBuildFile; fileRef = 64C78EDE1EE018BD007D2DF8 /* MyViewController.xib */; };
		64C78EE41EE018CF007D2DF8 /* SettingViewController.m in Sources */ = {isa = PBXBuildFile; fileRef = 64C78EE21EE018CF007D2DF8 /* SettingViewController.m */; };
		64C78EE51EE018CF007D2DF8 /* SettingViewController.xib in Resources */ = {isa = PBXBuildFile; fileRef = 64C78EE31EE018CF007D2DF8 /* SettingViewController.xib */; };
		64C78F291EE13163007D2DF8 /* GuideViewController.m in Sources */ = {isa = PBXBuildFile; fileRef = 64C78F271EE13163007D2DF8 /* GuideViewController.m */; };
		64C78F2A1EE13163007D2DF8 /* GuideViewController.xib in Resources */ = {isa = PBXBuildFile; fileRef = 64C78F281EE13163007D2DF8 /* GuideViewController.xib */; };
		64C78F2E1EE1324F007D2DF8 /* 1.jpg in Resources */ = {isa = PBXBuildFile; fileRef = 64C78F2B1EE1324F007D2DF8 /* 1.jpg */; };
		64C78F2F1EE1324F007D2DF8 /* 3.jpg in Resources */ = {isa = PBXBuildFile; fileRef = 64C78F2C1EE1324F007D2DF8 /* 3.jpg */; };
		64C78F301EE1324F007D2DF8 /* 4.jpg in Resources */ = {isa = PBXBuildFile; fileRef = 64C78F2D1EE1324F007D2DF8 /* 4.jpg */; };
		64E2974F1EE689510095CBBA /* SearchViewController.m in Sources */ = {isa = PBXBuildFile; fileRef = 64E2974D1EE689510095CBBA /* SearchViewController.m */; };
		64E297501EE689510095CBBA /* SearchViewController.xib in Resources */ = {isa = PBXBuildFile; fileRef = 64E2974E1EE689510095CBBA /* SearchViewController.xib */; };
		64E297541EE689680095CBBA /* LocationViewController.m in Sources */ = {isa = PBXBuildFile; fileRef = 64E297521EE689680095CBBA /* LocationViewController.m */; };
		64E297551EE689680095CBBA /* LocationViewController.xib in Resources */ = {isa = PBXBuildFile; fileRef = 64E297531EE689680095CBBA /* LocationViewController.xib */; };
		64E2975B1EE68ABF0095CBBA /* LoginViewController.m in Sources */ = {isa = PBXBuildFile; fileRef = 64E297591EE68ABF0095CBBA /* LoginViewController.m */; };
		64E2975C1EE68ABF0095CBBA /* LoginViewController.xib in Resources */ = {isa = PBXBuildFile; fileRef = 64E2975A1EE68ABF0095CBBA /* LoginViewController.xib */; };
		64E297601EE68ACE0095CBBA /* RegistViewController.m in Sources */ = {isa = PBXBuildFile; fileRef = 64E2975E1EE68ACE0095CBBA /* RegistViewController.m */; };
		64E297611EE68ACE0095CBBA /* RegistViewController.xib in Resources */ = {isa = PBXBuildFile; fileRef = 64E2975F1EE68ACE0095CBBA /* RegistViewController.xib */; };
		64E297651EE68E060095CBBA /* People.m in Sources */ = {isa = PBXBuildFile; fileRef = 64E297641EE68E060095CBBA /* People.m */; };
/* End PBXBuildFile section */

/* Begin PBXContainerItemProxy section */
		64C78EA41EE007AE007D2DF8 /* PBXContainerItemProxy */ = {
			isa = PBXContainerItemProxy;
			containerPortal = 64C78E821EE007AD007D2DF8 /* Project object */;
			proxyType = 1;
			remoteGlobalIDString = 64C78E891EE007AE007D2DF8;
			remoteInfo = CustomPJ;
		};
		64C78EAF1EE007AE007D2DF8 /* PBXContainerItemProxy */ = {
			isa = PBXContainerItemProxy;
			containerPortal = 64C78E821EE007AD007D2DF8 /* Project object */;
			proxyType = 1;
			remoteGlobalIDString = 64C78E891EE007AE007D2DF8;
			remoteInfo = CustomPJ;
		};
/* End PBXContainerItemProxy section */

/* Begin PBXFileReference section */
		640A9E3D1EE69DB2007144DC /* MapKit.framework */ = {isa = PBXFileReference; lastKnownFileType = wrapper.framework; name = MapKit.framework; path = System/Library/Frameworks/MapKit.framework; sourceTree = SDKROOT; };
		640A9E3F1EE69DBC007144DC /* CoreLocation.framework */ = {isa = PBXFileReference; lastKnownFileType = wrapper.framework; name = CoreLocation.framework; path = System/Library/Frameworks/CoreLocation.framework; sourceTree = SDKROOT; };
		640A9E431EE69F33007144DC /* citydict.plist */ = {isa = PBXFileReference; fileEncoding = 4; lastKnownFileType = text.plist.xml; path = citydict.plist; sourceTree = "<group>"; };
		640A9E441EE69F33007144DC /* CityViewCell.h */ = {isa = PBXFileReference; fileEncoding = 4; lastKnownFileType = sourcecode.c.h; path = CityViewCell.h; sourceTree = "<group>"; };
		640A9E451EE69F33007144DC /* CityViewCell.m */ = {isa = PBXFileReference; fileEncoding = 4; lastKnownFileType = sourcecode.c.objc; path = CityViewCell.m; sourceTree = "<group>"; };
		640A9E461EE69F33007144DC /* CityViewCell.xib */ = {isa = PBXFileReference; fileEncoding = 4; lastKnownFileType = file.xib; path = CityViewCell.xib; sourceTree = "<group>"; };
		640A9E471EE69F33007144DC /* HeadView.h */ = {isa = PBXFileReference; fileEncoding = 4; lastKnownFileType = sourcecode.c.h; path = HeadView.h; sourceTree = "<group>"; };
		640A9E481EE69F33007144DC /* HeadView.m */ = {isa = PBXFileReference; fileEncoding = 4; lastKnownFileType = sourcecode.c.objc; path = HeadView.m; sourceTree = "<group>"; };
		640A9E491EE69F33007144DC /* HeadView.xib */ = {isa = PBXFileReference; fileEncoding = 4; lastKnownFileType = file.xib; path = HeadView.xib; sourceTree = "<group>"; };
		640A9E4A1EE69F33007144DC /* ItemViewCell.h */ = {isa = PBXFileReference; fileEncoding = 4; lastKnownFileType = sourcecode.c.h; path = ItemViewCell.h; sourceTree = "<group>"; };
		640A9E4B1EE69F33007144DC /* ItemViewCell.m */ = {isa = PBXFileReference; fileEncoding = 4; lastKnownFileType = sourcecode.c.objc; path = ItemViewCell.m; sourceTree = "<group>"; };
		640A9E4C1EE69F33007144DC /* ItemViewCell.xib */ = {isa = PBXFileReference; fileEncoding = 4; lastKnownFileType = file.xib; path = ItemViewCell.xib; sourceTree = "<group>"; };
		640A9E4D1EE69F33007144DC /* NBSearchController.h */ = {isa = PBXFileReference; fileEncoding = 4; lastKnownFileType = sourcecode.c.h; path = NBSearchController.h; sourceTree = "<group>"; };
		640A9E4E1EE69F33007144DC /* NBSearchController.m */ = {isa = PBXFileReference; fileEncoding = 4; lastKnownFileType = sourcecode.c.objc; path = NBSearchController.m; sourceTree = "<group>"; };
		640A9E4F1EE69F33007144DC /* NBSearchResultController.h */ = {isa = PBXFileReference; fileEncoding = 4; lastKnownFileType = sourcecode.c.h; path = NBSearchResultController.h; sourceTree = "<group>"; };
		640A9E501EE69F33007144DC /* NBSearchResultController.m */ = {isa = PBXFileReference; fileEncoding = 4; lastKnownFileType = sourcecode.c.objc; path = NBSearchResultController.m; sourceTree = "<group>"; };
		640A9E511EE69F33007144DC /* Public.h */ = {isa = PBXFileReference; fileEncoding = 4; lastKnownFileType = sourcecode.c.h; path = Public.h; sourceTree = "<group>"; };
		640A9E521EE69F33007144DC /* SearchResult.h */ = {isa = PBXFileReference; fileEncoding = 4; lastKnownFileType = sourcecode.c.h; path = SearchResult.h; sourceTree = "<group>"; };
		640A9E531EE69F33007144DC /* SearchResult.m */ = {isa = PBXFileReference; fileEncoding = 4; lastKnownFileType = sourcecode.c.objc; path = SearchResult.m; sourceTree = "<group>"; };
		640A9E541EE69F33007144DC /* ZWCollectionViewFlowLayout.h */ = {isa = PBXFileReference; fileEncoding = 4; lastKnownFileType = sourcecode.c.h; path = ZWCollectionViewFlowLayout.h; sourceTree = "<group>"; };
		640A9E551EE69F33007144DC /* ZWCollectionViewFlowLayout.m */ = {isa = PBXFileReference; fileEncoding = 4; lastKnownFileType = sourcecode.c.objc; path = ZWCollectionViewFlowLayout.m; sourceTree = "<group>"; };
		640A9E631EE6A010007144DC /* NSMutableArray+FilterElement.h */ = {isa = PBXFileReference; fileEncoding = 4; lastKnownFileType = sourcecode.c.h; path = "NSMutableArray+FilterElement.h"; sourceTree = "<group>"; };
		640A9E641EE6A010007144DC /* NSMutableArray+FilterElement.m */ = {isa = PBXFileReference; fileEncoding = 4; lastKnownFileType = sourcecode.c.objc; path = "NSMutableArray+FilterElement.m"; sourceTree = "<group>"; };
		640A9E661EE6A010007144DC /* ChineseInclude.h */ = {isa = PBXFileReference; fileEncoding = 4; lastKnownFileType = sourcecode.c.h; path = ChineseInclude.h; sourceTree = "<group>"; };
		640A9E671EE6A010007144DC /* ChineseInclude.m */ = {isa = PBXFileReference; fileEncoding = 4; lastKnownFileType = sourcecode.c.objc; path = ChineseInclude.m; sourceTree = "<group>"; };
		640A9E681EE6A010007144DC /* ChineseToPinyinResource.h */ = {isa = PBXFileReference; fileEncoding = 4; lastKnownFileType = sourcecode.c.h; path = ChineseToPinyinResource.h; sourceTree = "<group>"; };
		640A9E691EE6A010007144DC /* ChineseToPinyinResource.m */ = {isa = PBXFileReference; fileEncoding = 4; lastKnownFileType = sourcecode.c.objc; path = ChineseToPinyinResource.m; sourceTree = "<group>"; };
		640A9E6A1EE6A010007144DC /* HanyuPinyinOutputFormat.h */ = {isa = PBXFileReference; fileEncoding = 4; lastKnownFileType = sourcecode.c.h; path = HanyuPinyinOutputFormat.h; sourceTree = "<group>"; };
		640A9E6B1EE6A010007144DC /* HanyuPinyinOutputFormat.m */ = {isa = PBXFileReference; fileEncoding = 4; lastKnownFileType = sourcecode.c.objc; path = HanyuPinyinOutputFormat.m; sourceTree = "<group>"; };
		640A9E6C1EE6A010007144DC /* NSString+PinYin4Cocoa.h */ = {isa = PBXFileReference; fileEncoding = 4; lastKnownFileType = sourcecode.c.h; path = "NSString+PinYin4Cocoa.h"; sourceTree = "<group>"; };
		640A9E6D1EE6A010007144DC /* NSString+PinYin4Cocoa.m */ = {isa = PBXFileReference; fileEncoding = 4; lastKnownFileType = sourcecode.c.objc; path = "NSString+PinYin4Cocoa.m"; sourceTree = "<group>"; };
		640A9E6E1EE6A010007144DC /* PinYin4Objc.h */ = {isa = PBXFileReference; fileEncoding = 4; lastKnownFileType = sourcecode.c.h; path = PinYin4Objc.h; sourceTree = "<group>"; };
		640A9E6F1EE6A010007144DC /* PinyinFormatter.h */ = {isa = PBXFileReference; fileEncoding = 4; lastKnownFileType = sourcecode.c.h; path = PinyinFormatter.h; sourceTree = "<group>"; };
		640A9E701EE6A010007144DC /* PinyinFormatter.m */ = {isa = PBXFileReference; fileEncoding = 4; lastKnownFileType = sourcecode.c.objc; path = PinyinFormatter.m; sourceTree = "<group>"; };
		640A9E711EE6A010007144DC /* PinYinForObjc.h */ = {isa = PBXFileReference; fileEncoding = 4; lastKnownFileType = sourcecode.c.h; path = PinYinForObjc.h; sourceTree = "<group>"; };
		640A9E721EE6A010007144DC /* PinYinForObjc.m */ = {isa = PBXFileReference; fileEncoding = 4; lastKnownFileType = sourcecode.c.objc; path = PinYinForObjc.m; sourceTree = "<group>"; };
		640A9E731EE6A010007144DC /* PinyinHelper.h */ = {isa = PBXFileReference; fileEncoding = 4; lastKnownFileType = sourcecode.c.h; path = PinyinHelper.h; sourceTree = "<group>"; };
		640A9E741EE6A010007144DC /* PinyinHelper.m */ = {isa = PBXFileReference; fileEncoding = 4; lastKnownFileType = sourcecode.c.objc; path = PinyinHelper.m; sourceTree = "<group>"; };
		640A9E751EE6A010007144DC /* unicode_to_hanyu_pinyin.txt */ = {isa = PBXFileReference; fileEncoding = 4; lastKnownFileType = text; path = unicode_to_hanyu_pinyin.txt; sourceTree = "<group>"; };
		640A9E7F1EE6AA76007144DC /* icon.png */ = {isa = PBXFileReference; lastKnownFileType = image.png; path = icon.png; sourceTree = "<group>"; };
		640A9E811EE7E404007144DC /* AddressBook.framework */ = {isa = PBXFileReference; lastKnownFileType = wrapper.framework; name = AddressBook.framework; path = System/Library/Frameworks/AddressBook.framework; sourceTree = SDKROOT; };
		640A9E831EE7E40F007144DC /* AddressBookUI.framework */ = {isa = PBXFileReference; lastKnownFileType = wrapper.framework; name = AddressBookUI.framework; path = System/Library/Frameworks/AddressBookUI.framework; sourceTree = SDKROOT; };
		640A9E851EE7E42F007144DC /* ContactsUI.framework */ = {isa = PBXFileReference; lastKnownFileType = wrapper.framework; name = ContactsUI.framework; path = System/Library/Frameworks/ContactsUI.framework; sourceTree = SDKROOT; };
		640A9E891EE7FCED007144DC /* MBProgressHUD.h */ = {isa = PBXFileReference; fileEncoding = 4; lastKnownFileType = sourcecode.c.h; name = MBProgressHUD.h; path = CustomPJ/MBProgressHUD.h; sourceTree = "<group>"; };
		640A9E8A1EE7FCED007144DC /* MBProgressHUD.m */ = {isa = PBXFileReference; fileEncoding = 4; lastKnownFileType = sourcecode.c.objc; name = MBProgressHUD.m; path = CustomPJ/MBProgressHUD.m; sourceTree = "<group>"; };
		64C78E8A1EE007AE007D2DF8 /* CustomPJ.app */ = {isa = PBXFileReference; explicitFileType = wrapper.application; includeInIndex = 0; path = CustomPJ.app; sourceTree = BUILT_PRODUCTS_DIR; };
		64C78E8E1EE007AE007D2DF8 /* main.m */ = {isa = PBXFileReference; lastKnownFileType = sourcecode.c.objc; path = main.m; sourceTree = "<group>"; };
		64C78E901EE007AE007D2DF8 /* AppDelegate.h */ = {isa = PBXFileReference; lastKnownFileType = sourcecode.c.h; path = AppDelegate.h; sourceTree = "<group>"; };
		64C78E911EE007AE007D2DF8 /* AppDelegate.m */ = {isa = PBXFileReference; lastKnownFileType = sourcecode.c.objc; path = AppDelegate.m; sourceTree = "<group>"; };
		64C78E991EE007AE007D2DF8 /* Assets.xcassets */ = {isa = PBXFileReference; lastKnownFileType = folder.assetcatalog; path = Assets.xcassets; sourceTree = "<group>"; };
		64C78E9C1EE007AE007D2DF8 /* Base */ = {isa = PBXFileReference; lastKnownFileType = file.storyboard; name = Base; path = Base.lproj/LaunchScreen.storyboard; sourceTree = "<group>"; };
		64C78E9E1EE007AE007D2DF8 /* Info.plist */ = {isa = PBXFileReference; lastKnownFileType = text.plist.xml; path = Info.plist; sourceTree = "<group>"; };
		64C78EA31EE007AE007D2DF8 /* CustomPJTests.xctest */ = {isa = PBXFileReference; explicitFileType = wrapper.cfbundle; includeInIndex = 0; path = CustomPJTests.xctest; sourceTree = BUILT_PRODUCTS_DIR; };
		64C78EA71EE007AE007D2DF8 /* CustomPJTests.m */ = {isa = PBXFileReference; lastKnownFileType = sourcecode.c.objc; path = CustomPJTests.m; sourceTree = "<group>"; };
		64C78EA91EE007AE007D2DF8 /* Info.plist */ = {isa = PBXFileReference; lastKnownFileType = text.plist.xml; path = Info.plist; sourceTree = "<group>"; };
		64C78EAE1EE007AE007D2DF8 /* CustomPJUITests.xctest */ = {isa = PBXFileReference; explicitFileType = wrapper.cfbundle; includeInIndex = 0; path = CustomPJUITests.xctest; sourceTree = BUILT_PRODUCTS_DIR; };
		64C78EB21EE007AE007D2DF8 /* CustomPJUITests.m */ = {isa = PBXFileReference; lastKnownFileType = sourcecode.c.objc; path = CustomPJUITests.m; sourceTree = "<group>"; };
		64C78EB41EE007AE007D2DF8 /* Info.plist */ = {isa = PBXFileReference; lastKnownFileType = text.plist.xml; path = Info.plist; sourceTree = "<group>"; };
		64C78EC51EE0087C007D2DF8 /* CustomPJ-Prefix.pch */ = {isa = PBXFileReference; fileEncoding = 4; lastKnownFileType = sourcecode.c.h; path = "CustomPJ-Prefix.pch"; sourceTree = "<group>"; };
		64C78EC61EE00963007D2DF8 /* 2.jpg */ = {isa = PBXFileReference; lastKnownFileType = image.jpeg; name = 2.jpg; path = ../2.jpg; sourceTree = "<group>"; };
		64C78ED21EE0189A007D2DF8 /* MainViewController.h */ = {isa = PBXFileReference; fileEncoding = 4; lastKnownFileType = sourcecode.c.h; path = MainViewController.h; sourceTree = "<group>"; };
		64C78ED31EE0189A007D2DF8 /* MainViewController.m */ = {isa = PBXFileReference; fileEncoding = 4; lastKnownFileType = sourcecode.c.objc; path = MainViewController.m; sourceTree = "<group>"; };
		64C78ED41EE0189A007D2DF8 /* MainViewController.xib */ = {isa = PBXFileReference; fileEncoding = 4; lastKnownFileType = file.xib; path = MainViewController.xib; sourceTree = "<group>"; };
		64C78ED71EE018B0007D2DF8 /* MessageViewController.h */ = {isa = PBXFileReference; fileEncoding = 4; lastKnownFileType = sourcecode.c.h; path = MessageViewController.h; sourceTree = "<group>"; };
		64C78ED81EE018B0007D2DF8 /* MessageViewController.m */ = {isa = PBXFileReference; fileEncoding = 4; lastKnownFileType = sourcecode.c.objc; path = MessageViewController.m; sourceTree = "<group>"; };
		64C78ED91EE018B0007D2DF8 /* MessageViewController.xib */ = {isa = PBXFileReference; fileEncoding = 4; lastKnownFileType = file.xib; path = MessageViewController.xib; sourceTree = "<group>"; };
		64C78EDC1EE018BD007D2DF8 /* MyViewController.h */ = {isa = PBXFileReference; fileEncoding = 4; lastKnownFileType = sourcecode.c.h; path = MyViewController.h; sourceTree = "<group>"; };
		64C78EDD1EE018BD007D2DF8 /* MyViewController.m */ = {isa = PBXFileReference; fileEncoding = 4; lastKnownFileType = sourcecode.c.objc; path = MyViewController.m; sourceTree = "<group>"; };
		64C78EDE1EE018BD007D2DF8 /* MyViewController.xib */ = {isa = PBXFileReference; fileEncoding = 4; lastKnownFileType = file.xib; path = MyViewController.xib; sourceTree = "<group>"; };
		64C78EE11EE018CF007D2DF8 /* SettingViewController.h */ = {isa = PBXFileReference; fileEncoding = 4; lastKnownFileType = sourcecode.c.h; path = SettingViewController.h; sourceTree = "<group>"; };
		64C78EE21EE018CF007D2DF8 /* SettingViewController.m */ = {isa = PBXFileReference; fileEncoding = 4; lastKnownFileType = sourcecode.c.objc; path = SettingViewController.m; sourceTree = "<group>"; };
		64C78EE31EE018CF007D2DF8 /* SettingViewController.xib */ = {isa = PBXFileReference; fileEncoding = 4; lastKnownFileType = file.xib; path = SettingViewController.xib; sourceTree = "<group>"; };
		64C78F261EE13163007D2DF8 /* GuideViewController.h */ = {isa = PBXFileReference; fileEncoding = 4; lastKnownFileType = sourcecode.c.h; path = GuideViewController.h; sourceTree = "<group>"; };
		64C78F271EE13163007D2DF8 /* GuideViewController.m */ = {isa = PBXFileReference; fileEncoding = 4; lastKnownFileType = sourcecode.c.objc; path = GuideViewController.m; sourceTree = "<group>"; };
		64C78F281EE13163007D2DF8 /* GuideViewController.xib */ = {isa = PBXFileReference; fileEncoding = 4; lastKnownFileType = file.xib; path = GuideViewController.xib; sourceTree = "<group>"; };
		64C78F2B1EE1324F007D2DF8 /* 1.jpg */ = {isa = PBXFileReference; lastKnownFileType = image.jpeg; name = 1.jpg; path = ../1.jpg; sourceTree = "<group>"; };
		64C78F2C1EE1324F007D2DF8 /* 3.jpg */ = {isa = PBXFileReference; lastKnownFileType = image.jpeg; name = 3.jpg; path = ../3.jpg; sourceTree = "<group>"; };
		64C78F2D1EE1324F007D2DF8 /* 4.jpg */ = {isa = PBXFileReference; lastKnownFileType = image.jpeg; name = 4.jpg; path = ../4.jpg; sourceTree = "<group>"; };
		64E2974C1EE689510095CBBA /* SearchViewController.h */ = {isa = PBXFileReference; fileEncoding = 4; lastKnownFileType = sourcecode.c.h; path = SearchViewController.h; sourceTree = "<group>"; };
		64E2974D1EE689510095CBBA /* SearchViewController.m */ = {isa = PBXFileReference; fileEncoding = 4; lastKnownFileType = sourcecode.c.objc; path = SearchViewController.m; sourceTree = "<group>"; };
		64E2974E1EE689510095CBBA /* SearchViewController.xib */ = {isa = PBXFileReference; fileEncoding = 4; lastKnownFileType = file.xib; path = SearchViewController.xib; sourceTree = "<group>"; };
		64E297511EE689680095CBBA /* LocationViewController.h */ = {isa = PBXFileReference; fileEncoding = 4; lastKnownFileType = sourcecode.c.h; path = LocationViewController.h; sourceTree = "<group>"; };
		64E297521EE689680095CBBA /* LocationViewController.m */ = {isa = PBXFileReference; fileEncoding = 4; lastKnownFileType = sourcecode.c.objc; path = LocationViewController.m; sourceTree = "<group>"; };
		64E297531EE689680095CBBA /* LocationViewController.xib */ = {isa = PBXFileReference; fileEncoding = 4; lastKnownFileType = file.xib; path = LocationViewController.xib; sourceTree = "<group>"; };
		64E297581EE68ABF0095CBBA /* LoginViewController.h */ = {isa = PBXFileReference; fileEncoding = 4; lastKnownFileType = sourcecode.c.h; path = LoginViewController.h; sourceTree = "<group>"; };
		64E297591EE68ABF0095CBBA /* LoginViewController.m */ = {isa = PBXFileReference; fileEncoding = 4; lastKnownFileType = sourcecode.c.objc; path = LoginViewController.m; sourceTree = "<group>"; };
		64E2975A1EE68ABF0095CBBA /* LoginViewController.xib */ = {isa = PBXFileReference; fileEncoding = 4; lastKnownFileType = file.xib; path = LoginViewController.xib; sourceTree = "<group>"; };
		64E2975D1EE68ACE0095CBBA /* RegistViewController.h */ = {isa = PBXFileReference; fileEncoding = 4; lastKnownFileType = sourcecode.c.h; path = RegistViewController.h; sourceTree = "<group>"; };
		64E2975E1EE68ACE0095CBBA /* RegistViewController.m */ = {isa = PBXFileReference; fileEncoding = 4; lastKnownFileType = sourcecode.c.objc; path = RegistViewController.m; sourceTree = "<group>"; };
		64E2975F1EE68ACE0095CBBA /* RegistViewController.xib */ = {isa = PBXFileReference; fileEncoding = 4; lastKnownFileType = file.xib; path = RegistViewController.xib; sourceTree = "<group>"; };
		64E297631EE68E060095CBBA /* People.h */ = {isa = PBXFileReference; fileEncoding = 4; lastKnownFileType = sourcecode.c.h; path = People.h; sourceTree = "<group>"; };
		64E297641EE68E060095CBBA /* People.m */ = {isa = PBXFileReference; fileEncoding = 4; lastKnownFileType = sourcecode.c.objc; path = People.m; sourceTree = "<group>"; };
/* End PBXFileReference section */

/* Begin PBXFrameworksBuildPhase section */
		64C78E871EE007AE007D2DF8 /* Frameworks */ = {
			isa = PBXFrameworksBuildPhase;
			buildActionMask = 2147483647;
			files = (
				640A9E881EE7E57E007144DC /* AddressBookUI.framework in Frameworks */,
				640A9E871EE7E576007144DC /* AddressBook.framework in Frameworks */,
				640A9E861EE7E42F007144DC /* ContactsUI.framework in Frameworks */,
				640A9E401EE69DBC007144DC /* CoreLocation.framework in Frameworks */,
				640A9E3E1EE69DB3007144DC /* MapKit.framework in Frameworks */,
			);
			runOnlyForDeploymentPostprocessing = 0;
		};
		64C78EA01EE007AE007D2DF8 /* Frameworks */ = {
			isa = PBXFrameworksBuildPhase;
			buildActionMask = 2147483647;
			files = (
			);
			runOnlyForDeploymentPostprocessing = 0;
		};
		64C78EAB1EE007AE007D2DF8 /* Frameworks */ = {
			isa = PBXFrameworksBuildPhase;
			buildActionMask = 2147483647;
			files = (
			);
			runOnlyForDeploymentPostprocessing = 0;
		};
/* End PBXFrameworksBuildPhase section */

/* Begin PBXGroup section */
		640A9E3C1EE69DB2007144DC /* Frameworks */ = {
			isa = PBXGroup;
			children = (
				640A9E891EE7FCED007144DC /* MBProgressHUD.h */,
				640A9E8A1EE7FCED007144DC /* MBProgressHUD.m */,
				640A9E851EE7E42F007144DC /* ContactsUI.framework */,
				640A9E831EE7E40F007144DC /* AddressBookUI.framework */,
				640A9E811EE7E404007144DC /* AddressBook.framework */,
				640A9E421EE69EEC007144DC /* thirdSearch */,
				640A9E3F1EE69DBC007144DC /* CoreLocation.framework */,
				640A9E3D1EE69DB2007144DC /* MapKit.framework */,
			);
			name = Frameworks;
			sourceTree = "<group>";
		};
		640A9E411EE69DE5007144DC /* Image */ = {
			isa = PBXGroup;
			children = (
				640A9E7F1EE6AA76007144DC /* icon.png */,
				64C78F2B1EE1324F007D2DF8 /* 1.jpg */,
				64C78F2C1EE1324F007D2DF8 /* 3.jpg */,
				64C78F2D1EE1324F007D2DF8 /* 4.jpg */,
				64C78EC61EE00963007D2DF8 /* 2.jpg */,
			);
			path = Image;
			sourceTree = "<group>";
		};
		640A9E421EE69EEC007144DC /* thirdSearch */ = {
			isa = PBXGroup;
			children = (
				640A9E611EE6A010007144DC /* Lib */,
				640A9E431EE69F33007144DC /* citydict.plist */,
				640A9E441EE69F33007144DC /* CityViewCell.h */,
				640A9E451EE69F33007144DC /* CityViewCell.m */,
				640A9E461EE69F33007144DC /* CityViewCell.xib */,
				640A9E471EE69F33007144DC /* HeadView.h */,
				640A9E481EE69F33007144DC /* HeadView.m */,
				640A9E491EE69F33007144DC /* HeadView.xib */,
				640A9E4A1EE69F33007144DC /* ItemViewCell.h */,
				640A9E4B1EE69F33007144DC /* ItemViewCell.m */,
				640A9E4C1EE69F33007144DC /* ItemViewCell.xib */,
				640A9E4D1EE69F33007144DC /* NBSearchController.h */,
				640A9E4E1EE69F33007144DC /* NBSearchController.m */,
				640A9E4F1EE69F33007144DC /* NBSearchResultController.h */,
				640A9E501EE69F33007144DC /* NBSearchResultController.m */,
				640A9E511EE69F33007144DC /* Public.h */,
				640A9E521EE69F33007144DC /* SearchResult.h */,
				640A9E531EE69F33007144DC /* SearchResult.m */,
				640A9E541EE69F33007144DC /* ZWCollectionViewFlowLayout.h */,
				640A9E551EE69F33007144DC /* ZWCollectionViewFlowLayout.m */,
			);
			name = thirdSearch;
			path = CustomPJ/thirdSearch;
			sourceTree = "<group>";
		};
		640A9E611EE6A010007144DC /* Lib */ = {
			isa = PBXGroup;
			children = (
				640A9E621EE6A010007144DC /* Category */,
				640A9E651EE6A010007144DC /* PinYin */,
			);
			path = Lib;
			sourceTree = "<group>";
		};
		640A9E621EE6A010007144DC /* Category */ = {
			isa = PBXGroup;
			children = (
				640A9E631EE6A010007144DC /* NSMutableArray+FilterElement.h */,
				640A9E641EE6A010007144DC /* NSMutableArray+FilterElement.m */,
			);
			path = Category;
			sourceTree = "<group>";
		};
		640A9E651EE6A010007144DC /* PinYin */ = {
			isa = PBXGroup;
			children = (
				640A9E661EE6A010007144DC /* ChineseInclude.h */,
				640A9E671EE6A010007144DC /* ChineseInclude.m */,
				640A9E681EE6A010007144DC /* ChineseToPinyinResource.h */,
				640A9E691EE6A010007144DC /* ChineseToPinyinResource.m */,
				640A9E6A1EE6A010007144DC /* HanyuPinyinOutputFormat.h */,
				640A9E6B1EE6A010007144DC /* HanyuPinyinOutputFormat.m */,
				640A9E6C1EE6A010007144DC /* NSString+PinYin4Cocoa.h */,
				640A9E6D1EE6A010007144DC /* NSString+PinYin4Cocoa.m */,
				640A9E6E1EE6A010007144DC /* PinYin4Objc.h */,
				640A9E6F1EE6A010007144DC /* PinyinFormatter.h */,
				640A9E701EE6A010007144DC /* PinyinFormatter.m */,
				640A9E711EE6A010007144DC /* PinYinForObjc.h */,
				640A9E721EE6A010007144DC /* PinYinForObjc.m */,
				640A9E731EE6A010007144DC /* PinyinHelper.h */,
				640A9E741EE6A010007144DC /* PinyinHelper.m */,
				640A9E751EE6A010007144DC /* unicode_to_hanyu_pinyin.txt */,
			);
			path = PinYin;
			sourceTree = "<group>";
		};
		64C78E811EE007AD007D2DF8 = {
			isa = PBXGroup;
			children = (
				64C78E8C1EE007AE007D2DF8 /* CustomPJ */,
				64C78EA61EE007AE007D2DF8 /* CustomPJTests */,
				64C78EB11EE007AE007D2DF8 /* CustomPJUITests */,
				64C78E8B1EE007AE007D2DF8 /* Products */,
				640A9E3C1EE69DB2007144DC /* Frameworks */,
			);
			sourceTree = "<group>";
		};
		64C78E8B1EE007AE007D2DF8 /* Products */ = {
			isa = PBXGroup;
			children = (
				64C78E8A1EE007AE007D2DF8 /* CustomPJ.app */,
				64C78EA31EE007AE007D2DF8 /* CustomPJTests.xctest */,
				64C78EAE1EE007AE007D2DF8 /* CustomPJUITests.xctest */,
			);
			name = Products;
			sourceTree = "<group>";
		};
		64C78E8C1EE007AE007D2DF8 /* CustomPJ */ = {
			isa = PBXGroup;
			children = (
				64C78E901EE007AE007D2DF8 /* AppDelegate.h */,
				64C78E911EE007AE007D2DF8 /* AppDelegate.m */,
				64E297621EE68DEC0095CBBA /* Model */,
				64E297561EE68A980095CBBA /* Register */,
				64E297571EE68A980095CBBA /* Login */,
				64E297451EE688F90095CBBA /* Location */,
				64E297461EE688F90095CBBA /* Search */,
				64C78F251EE13157007D2DF8 /* Guide */,
				64C78ECC1EE0182D007D2DF8 /* Setting */,
				64C78ECB1EE01824007D2DF8 /* My */,
				64C78ECA1EE0181E007D2DF8 /* Message */,
				64C78EC91EE0180E007D2DF8 /* Main */,
				64C78E991EE007AE007D2DF8 /* Assets.xcassets */,
				64C78E9B1EE007AE007D2DF8 /* LaunchScreen.storyboard */,
				640A9E411EE69DE5007144DC /* Image */,
				64C78E8D1EE007AE007D2DF8 /* Supporting Files */,
			);
			path = CustomPJ;
			sourceTree = "<group>";
		};
		64C78E8D1EE007AE007D2DF8 /* Supporting Files */ = {
			isa = PBXGroup;
			children = (
				64C78E9E1EE007AE007D2DF8 /* Info.plist */,
				64C78E8E1EE007AE007D2DF8 /* main.m */,
				64C78EC51EE0087C007D2DF8 /* CustomPJ-Prefix.pch */,
			);
			name = "Supporting Files";
			sourceTree = "<group>";
		};
		64C78EA61EE007AE007D2DF8 /* CustomPJTests */ = {
			isa = PBXGroup;
			children = (
				64C78EA71EE007AE007D2DF8 /* CustomPJTests.m */,
				64C78EA91EE007AE007D2DF8 /* Info.plist */,
			);
			path = CustomPJTests;
			sourceTree = "<group>";
		};
		64C78EB11EE007AE007D2DF8 /* CustomPJUITests */ = {
			isa = PBXGroup;
			children = (
				64C78EB21EE007AE007D2DF8 /* CustomPJUITests.m */,
				64C78EB41EE007AE007D2DF8 /* Info.plist */,
			);
			path = CustomPJUITests;
			sourceTree = "<group>";
		};
		64C78EC91EE0180E007D2DF8 /* Main */ = {
			isa = PBXGroup;
			children = (
				64C78ED21EE0189A007D2DF8 /* MainViewController.h */,
				64C78ED31EE0189A007D2DF8 /* MainViewController.m */,
				64C78ED41EE0189A007D2DF8 /* MainViewController.xib */,
			);
			path = Main;
			sourceTree = "<group>";
		};
		64C78ECA1EE0181E007D2DF8 /* Message */ = {
			isa = PBXGroup;
			children = (
				64C78ED71EE018B0007D2DF8 /* MessageViewController.h */,
				64C78ED81EE018B0007D2DF8 /* MessageViewController.m */,
				64C78ED91EE018B0007D2DF8 /* MessageViewController.xib */,
			);
			path = Message;
			sourceTree = "<group>";
		};
		64C78ECB1EE01824007D2DF8 /* My */ = {
			isa = PBXGroup;
			children = (
				64C78EDC1EE018BD007D2DF8 /* MyViewController.h */,
				64C78EDD1EE018BD007D2DF8 /* MyViewController.m */,
				64C78EDE1EE018BD007D2DF8 /* MyViewController.xib */,
			);
			path = My;
			sourceTree = "<group>";
		};
		64C78ECC1EE0182D007D2DF8 /* Setting */ = {
			isa = PBXGroup;
			children = (
				64C78EE11EE018CF007D2DF8 /* SettingViewController.h */,
				64C78EE21EE018CF007D2DF8 /* SettingViewController.m */,
				64C78EE31EE018CF007D2DF8 /* SettingViewController.xib */,
			);
			path = Setting;
			sourceTree = "<group>";
		};
		64C78F251EE13157007D2DF8 /* Guide */ = {
			isa = PBXGroup;
			children = (
				64C78F261EE13163007D2DF8 /* GuideViewController.h */,
				64C78F271EE13163007D2DF8 /* GuideViewController.m */,
				64C78F281EE13163007D2DF8 /* GuideViewController.xib */,
			);
			path = Guide;
			sourceTree = "<group>";
		};
		64E297451EE688F90095CBBA /* Location */ = {
			isa = PBXGroup;
			children = (
				64E297511EE689680095CBBA /* LocationViewController.h */,
				64E297521EE689680095CBBA /* LocationViewController.m */,
				64E297531EE689680095CBBA /* LocationViewController.xib */,
			);
			path = Location;
			sourceTree = "<group>";
		};
		64E297461EE688F90095CBBA /* Search */ = {
			isa = PBXGroup;
			children = (
				64E2974C1EE689510095CBBA /* SearchViewController.h */,
				64E2974D1EE689510095CBBA /* SearchViewController.m */,
				64E2974E1EE689510095CBBA /* SearchViewController.xib */,
			);
			path = Search;
			sourceTree = "<group>";
		};
		64E297561EE68A980095CBBA /* Register */ = {
			isa = PBXGroup;
			children = (
				64E2975D1EE68ACE0095CBBA /* RegistViewController.h */,
				64E2975E1EE68ACE0095CBBA /* RegistViewController.m */,
				64E2975F1EE68ACE0095CBBA /* RegistViewController.xib */,
			);
			path = Register;
			sourceTree = "<group>";
		};
		64E297571EE68A980095CBBA /* Login */ = {
			isa = PBXGroup;
			children = (
				64E297581EE68ABF0095CBBA /* LoginViewController.h */,
				64E297591EE68ABF0095CBBA /* LoginViewController.m */,
				64E2975A1EE68ABF0095CBBA /* LoginViewController.xib */,
			);
			path = Login;
			sourceTree = "<group>";
		};
		64E297621EE68DEC0095CBBA /* Model */ = {
			isa = PBXGroup;
			children = (
				64E297631EE68E060095CBBA /* People.h */,
				64E297641EE68E060095CBBA /* People.m */,
			);
			path = Model;
			sourceTree = "<group>";
		};
/* End PBXGroup section */

/* Begin PBXNativeTarget section */
		64C78E891EE007AE007D2DF8 /* CustomPJ */ = {
			isa = PBXNativeTarget;
			buildConfigurationList = 64C78EB71EE007AE007D2DF8 /* Build configuration list for PBXNativeTarget "CustomPJ" */;
			buildPhases = (
				64C78E861EE007AE007D2DF8 /* Sources */,
				64C78E871EE007AE007D2DF8 /* Frameworks */,
				64C78E881EE007AE007D2DF8 /* Resources */,
			);
			buildRules = (
			);
			dependencies = (
			);
			name = CustomPJ;
			productName = CustomPJ;
			productReference = 64C78E8A1EE007AE007D2DF8 /* CustomPJ.app */;
			productType = "com.apple.product-type.application";
		};
		64C78EA21EE007AE007D2DF8 /* CustomPJTests */ = {
			isa = PBXNativeTarget;
			buildConfigurationList = 64C78EBA1EE007AE007D2DF8 /* Build configuration list for PBXNativeTarget "CustomPJTests" */;
			buildPhases = (
				64C78E9F1EE007AE007D2DF8 /* Sources */,
				64C78EA01EE007AE007D2DF8 /* Frameworks */,
				64C78EA11EE007AE007D2DF8 /* Resources */,
			);
			buildRules = (
			);
			dependencies = (
				64C78EA51EE007AE007D2DF8 /* PBXTargetDependency */,
			);
			name = CustomPJTests;
			productName = CustomPJTests;
			productReference = 64C78EA31EE007AE007D2DF8 /* CustomPJTests.xctest */;
			productType = "com.apple.product-type.bundle.unit-test";
		};
		64C78EAD1EE007AE007D2DF8 /* CustomPJUITests */ = {
			isa = PBXNativeTarget;
			buildConfigurationList = 64C78EBD1EE007AE007D2DF8 /* Build configuration list for PBXNativeTarget "CustomPJUITests" */;
			buildPhases = (
				64C78EAA1EE007AE007D2DF8 /* Sources */,
				64C78EAB1EE007AE007D2DF8 /* Frameworks */,
				64C78EAC1EE007AE007D2DF8 /* Resources */,
			);
			buildRules = (
			);
			dependencies = (
				64C78EB01EE007AE007D2DF8 /* PBXTargetDependency */,
			);
			name = CustomPJUITests;
			productName = CustomPJUITests;
			productReference = 64C78EAE1EE007AE007D2DF8 /* CustomPJUITests.xctest */;
			productType = "com.apple.product-type.bundle.ui-testing";
		};
/* End PBXNativeTarget section */

/* Begin PBXProject section */
		64C78E821EE007AD007D2DF8 /* Project object */ = {
			isa = PBXProject;
			attributes = {
				LastUpgradeCheck = 0830;
				ORGANIZATIONNAME = chaojie;
				TargetAttributes = {
					64C78E891EE007AE007D2DF8 = {
						CreatedOnToolsVersion = 8.3.1;
						DevelopmentTeam = SQH5JS2X8A;
						ProvisioningStyle = Automatic;
					};
					64C78EA21EE007AE007D2DF8 = {
						CreatedOnToolsVersion = 8.3.1;
						DevelopmentTeam = CSHWSD3VEH;
						ProvisioningStyle = Automatic;
						TestTargetID = 64C78E891EE007AE007D2DF8;
					};
					64C78EAD1EE007AE007D2DF8 = {
						CreatedOnToolsVersion = 8.3.1;
						DevelopmentTeam = CSHWSD3VEH;
						ProvisioningStyle = Automatic;
						TestTargetID = 64C78E891EE007AE007D2DF8;
					};
				};
			};
			buildConfigurationList = 64C78E851EE007AD007D2DF8 /* Build configuration list for PBXProject "CustomPJ" */;
			compatibilityVersion = "Xcode 3.2";
			developmentRegion = English;
			hasScannedForEncodings = 0;
			knownRegions = (
				en,
				Base,
			);
			mainGroup = 64C78E811EE007AD007D2DF8;
			productRefGroup = 64C78E8B1EE007AE007D2DF8 /* Products */;
			projectDirPath = "";
			projectRoot = "";
			targets = (
				64C78E891EE007AE007D2DF8 /* CustomPJ */,
				64C78EA21EE007AE007D2DF8 /* CustomPJTests */,
				64C78EAD1EE007AE007D2DF8 /* CustomPJUITests */,
			);
		};
/* End PBXProject section */

/* Begin PBXResourcesBuildPhase section */
		64C78E881EE007AE007D2DF8 /* Resources */ = {
			isa = PBXResourcesBuildPhase;
			buildActionMask = 2147483647;
			files = (
				64C78F301EE1324F007D2DF8 /* 4.jpg in Resources */,
				64C78EE51EE018CF007D2DF8 /* SettingViewController.xib in Resources */,
				64E297501EE689510095CBBA /* SearchViewController.xib in Resources */,
				64E297551EE689680095CBBA /* LocationViewController.xib in Resources */,
				640A9E7E1EE6A010007144DC /* unicode_to_hanyu_pinyin.txt in Resources */,
				64C78E9D1EE007AE007D2DF8 /* LaunchScreen.storyboard in Resources */,
				640A9E561EE69F33007144DC /* citydict.plist in Resources */,
				640A9E5C1EE69F33007144DC /* ItemViewCell.xib in Resources */,
				640A9E801EE6AA76007144DC /* icon.png in Resources */,
				640A9E581EE69F33007144DC /* CityViewCell.xib in Resources */,
				64C78F2E1EE1324F007D2DF8 /* 1.jpg in Resources */,
				64C78EDB1EE018B0007D2DF8 /* MessageViewController.xib in Resources */,
				64E297611EE68ACE0095CBBA /* RegistViewController.xib in Resources */,
				640A9E5A1EE69F33007144DC /* HeadView.xib in Resources */,
				64C78EE01EE018BD007D2DF8 /* MyViewController.xib in Resources */,
				64C78E9A1EE007AE007D2DF8 /* Assets.xcassets in Resources */,
				64C78F2F1EE1324F007D2DF8 /* 3.jpg in Resources */,
				64C78F2A1EE13163007D2DF8 /* GuideViewController.xib in Resources */,
				64C78EC71EE00963007D2DF8 /* 2.jpg in Resources */,
				64E2975C1EE68ABF0095CBBA /* LoginViewController.xib in Resources */,
				64C78ED61EE0189A007D2DF8 /* MainViewController.xib in Resources */,
			);
			runOnlyForDeploymentPostprocessing = 0;
		};
		64C78EA11EE007AE007D2DF8 /* Resources */ = {
			isa = PBXResourcesBuildPhase;
			buildActionMask = 2147483647;
			files = (
			);
			runOnlyForDeploymentPostprocessing = 0;
		};
		64C78EAC1EE007AE007D2DF8 /* Resources */ = {
			isa = PBXResourcesBuildPhase;
			buildActionMask = 2147483647;
			files = (
			);
			runOnlyForDeploymentPostprocessing = 0;
		};
/* End PBXResourcesBuildPhase section */

/* Begin PBXSourcesBuildPhase section */
		64C78E861EE007AE007D2DF8 /* Sources */ = {
			isa = PBXSourcesBuildPhase;
			buildActionMask = 2147483647;
			files = (
				640A9E7D1EE6A010007144DC /* PinyinHelper.m in Sources */,
				640A9E7C1EE6A010007144DC /* PinYinForObjc.m in Sources */,
				640A9E5F1EE69F33007144DC /* SearchResult.m in Sources */,
				640A9E5E1EE69F33007144DC /* NBSearchResultController.m in Sources */,
				64E297651EE68E060095CBBA /* People.m in Sources */,
				64C78E921EE007AE007D2DF8 /* AppDelegate.m in Sources */,
				64E297541EE689680095CBBA /* LocationViewController.m in Sources */,
				640A9E7B1EE6A010007144DC /* PinyinFormatter.m in Sources */,
				640A9E5B1EE69F33007144DC /* ItemViewCell.m in Sources */,
				640A9E771EE6A010007144DC /* ChineseInclude.m in Sources */,
				640A9E781EE6A010007144DC /* ChineseToPinyinResource.m in Sources */,
				64C78F291EE13163007D2DF8 /* GuideViewController.m in Sources */,
				640A9E591EE69F33007144DC /* HeadView.m in Sources */,
				64C78ED51EE0189A007D2DF8 /* MainViewController.m in Sources */,
				64E2975B1EE68ABF0095CBBA /* LoginViewController.m in Sources */,
				64C78EDA1EE018B0007D2DF8 /* MessageViewController.m in Sources */,
				640A9E5D1EE69F33007144DC /* NBSearchController.m in Sources */,
				64E297601EE68ACE0095CBBA /* RegistViewController.m in Sources */,
				640A9E791EE6A010007144DC /* HanyuPinyinOutputFormat.m in Sources */,
				640A9E571EE69F33007144DC /* CityViewCell.m in Sources */,
				640A9E761EE6A010007144DC /* NSMutableArray+FilterElement.m in Sources */,
				64C78E8F1EE007AE007D2DF8 /* main.m in Sources */,
				64C78EDF1EE018BD007D2DF8 /* MyViewController.m in Sources */,
				640A9E601EE69F33007144DC /* ZWCollectionViewFlowLayout.m in Sources */,
				640A9E7A1EE6A010007144DC /* NSString+PinYin4Cocoa.m in Sources */,
				64E2974F1EE689510095CBBA /* SearchViewController.m in Sources */,
				64C78EE41EE018CF007D2DF8 /* SettingViewController.m in Sources */,
				640A9E8B1EE7FCED007144DC /* MBProgressHUD.m in Sources */,
			);
			runOnlyForDeploymentPostprocessing = 0;
		};
		64C78E9F1EE007AE007D2DF8 /* Sources */ = {
			isa = PBXSourcesBuildPhase;
			buildActionMask = 2147483647;
			files = (
				64C78EA81EE007AE007D2DF8 /* CustomPJTests.m in Sources */,
			);
			runOnlyForDeploymentPostprocessing = 0;
		};
		64C78EAA1EE007AE007D2DF8 /* Sources */ = {
			isa = PBXSourcesBuildPhase;
			buildActionMask = 2147483647;
			files = (
				64C78EB31EE007AE007D2DF8 /* CustomPJUITests.m in Sources */,
			);
			runOnlyForDeploymentPostprocessing = 0;
		};
/* End PBXSourcesBuildPhase section */

/* Begin PBXTargetDependency section */
		64C78EA51EE007AE007D2DF8 /* PBXTargetDependency */ = {
			isa = PBXTargetDependency;
			target = 64C78E891EE007AE007D2DF8 /* CustomPJ */;
			targetProxy = 64C78EA41EE007AE007D2DF8 /* PBXContainerItemProxy */;
		};
		64C78EB01EE007AE007D2DF8 /* PBXTargetDependency */ = {
			isa = PBXTargetDependency;
			target = 64C78E891EE007AE007D2DF8 /* CustomPJ */;
			targetProxy = 64C78EAF1EE007AE007D2DF8 /* PBXContainerItemProxy */;
		};
/* End PBXTargetDependency section */

/* Begin PBXVariantGroup section */
		64C78E9B1EE007AE007D2DF8 /* LaunchScreen.storyboard */ = {
			isa = PBXVariantGroup;
			children = (
				64C78E9C1EE007AE007D2DF8 /* Base */,
			);
			name = LaunchScreen.storyboard;
			sourceTree = "<group>";
		};
/* End PBXVariantGroup section */

/* Begin XCBuildConfiguration section */
		64C78EB51EE007AE007D2DF8 /* Debug */ = {
			isa = XCBuildConfiguration;
			buildSettings = {
				ALWAYS_SEARCH_USER_PATHS = NO;
				CLANG_ANALYZER_NONNULL = YES;
				CLANG_ANALYZER_NUMBER_OBJECT_CONVERSION = YES_AGGRESSIVE;
				CLANG_CXX_LANGUAGE_STANDARD = "gnu++0x";
				CLANG_CXX_LIBRARY = "libc++";
				CLANG_ENABLE_MODULES = YES;
				CLANG_ENABLE_OBJC_ARC = YES;
				CLANG_WARN_BOOL_CONVERSION = YES;
				CLANG_WARN_CONSTANT_CONVERSION = YES;
				CLANG_WARN_DIRECT_OBJC_ISA_USAGE = YES_ERROR;
				CLANG_WARN_DOCUMENTATION_COMMENTS = YES;
				CLANG_WARN_EMPTY_BODY = YES;
				CLANG_WARN_ENUM_CONVERSION = YES;
				CLANG_WARN_INFINITE_RECURSION = YES;
				CLANG_WARN_INT_CONVERSION = YES;
				CLANG_WARN_OBJC_ROOT_CLASS = YES_ERROR;
				CLANG_WARN_SUSPICIOUS_MOVE = YES;
				CLANG_WARN_UNREACHABLE_CODE = YES;
				CLANG_WARN__DUPLICATE_METHOD_MATCH = YES;
				"CODE_SIGN_IDENTITY[sdk=iphoneos*]" = "iPhone Developer";
				COPY_PHASE_STRIP = NO;
				DEBUG_INFORMATION_FORMAT = dwarf;
				ENABLE_STRICT_OBJC_MSGSEND = YES;
				ENABLE_TESTABILITY = YES;
				GCC_C_LANGUAGE_STANDARD = gnu99;
				GCC_DYNAMIC_NO_PIC = NO;
				GCC_NO_COMMON_BLOCKS = YES;
				GCC_OPTIMIZATION_LEVEL = 0;
				GCC_PRECOMPILE_PREFIX_HEADER = YES;
				GCC_PREPROCESSOR_DEFINITIONS = (
					"DEBUG=1",
					"$(inherited)",
				);
				GCC_WARN_64_TO_32_BIT_CONVERSION = YES;
				GCC_WARN_ABOUT_RETURN_TYPE = YES_ERROR;
				GCC_WARN_UNDECLARED_SELECTOR = YES;
				GCC_WARN_UNINITIALIZED_AUTOS = YES_AGGRESSIVE;
				GCC_WARN_UNUSED_FUNCTION = YES;
				GCC_WARN_UNUSED_VARIABLE = YES;
				IPHONEOS_DEPLOYMENT_TARGET = 10.3;
				MTL_ENABLE_DEBUG_INFO = YES;
				ONLY_ACTIVE_ARCH = YES;
				SDKROOT = iphoneos;
				TARGETED_DEVICE_FAMILY = "1,2";
			};
			name = Debug;
		};
		64C78EB61EE007AE007D2DF8 /* Release */ = {
			isa = XCBuildConfiguration;
			buildSettings = {
				ALWAYS_SEARCH_USER_PATHS = NO;
				CLANG_ANALYZER_NONNULL = YES;
				CLANG_ANALYZER_NUMBER_OBJECT_CONVERSION = YES_AGGRESSIVE;
				CLANG_CXX_LANGUAGE_STANDARD = "gnu++0x";
				CLANG_CXX_LIBRARY = "libc++";
				CLANG_ENABLE_MODULES = YES;
				CLANG_ENABLE_OBJC_ARC = YES;
				CLANG_WARN_BOOL_CONVERSION = YES;
				CLANG_WARN_CONSTANT_CONVERSION = YES;
				CLANG_WARN_DIRECT_OBJC_ISA_USAGE = YES_ERROR;
				CLANG_WARN_DOCUMENTATION_COMMENTS = YES;
				CLANG_WARN_EMPTY_BODY = YES;
				CLANG_WARN_ENUM_CONVERSION = YES;
				CLANG_WARN_INFINITE_RECURSION = YES;
				CLANG_WARN_INT_CONVERSION = YES;
				CLANG_WARN_OBJC_ROOT_CLASS = YES_ERROR;
				CLANG_WARN_SUSPICIOUS_MOVE = YES;
				CLANG_WARN_UNREACHABLE_CODE = YES;
				CLANG_WARN__DUPLICATE_METHOD_MATCH = YES;
				"CODE_SIGN_IDENTITY[sdk=iphoneos*]" = "iPhone Developer";
				COPY_PHASE_STRIP = NO;
				DEBUG_INFORMATION_FORMAT = "dwarf-with-dsym";
				ENABLE_NS_ASSERTIONS = NO;
				ENABLE_STRICT_OBJC_MSGSEND = YES;
				GCC_C_LANGUAGE_STANDARD = gnu99;
				GCC_NO_COMMON_BLOCKS = YES;
				GCC_PRECOMPILE_PREFIX_HEADER = YES;
				GCC_WARN_64_TO_32_BIT_CONVERSION = YES;
				GCC_WARN_ABOUT_RETURN_TYPE = YES_ERROR;
				GCC_WARN_UNDECLARED_SELECTOR = YES;
				GCC_WARN_UNINITIALIZED_AUTOS = YES_AGGRESSIVE;
				GCC_WARN_UNUSED_FUNCTION = YES;
				GCC_WARN_UNUSED_VARIABLE = YES;
				IPHONEOS_DEPLOYMENT_TARGET = 10.3;
				MTL_ENABLE_DEBUG_INFO = NO;
				SDKROOT = iphoneos;
				TARGETED_DEVICE_FAMILY = "1,2";
				VALIDATE_PRODUCT = YES;
			};
			name = Release;
		};
		64C78EB81EE007AE007D2DF8 /* Debug */ = {
			isa = XCBuildConfiguration;
			buildSettings = {
				ASSETCATALOG_COMPILER_APPICON_NAME = AppIcon;
				ASSETCATALOG_COMPILER_LAUNCHIMAGE_NAME = LaunchImage;
				DEVELOPMENT_TEAM = SQH5JS2X8A;
				GCC_PRECOMPILE_PREFIX_HEADER = YES;
				GCC_PREFIX_HEADER = "/Users/chaojie/Desktop/ 工作文件夹/CustomPJ/CustomPJ/CustomPJ-Prefix.pch";
				INFOPLIST_FILE = CustomPJ/Info.plist;
				IPHONEOS_DEPLOYMENT_TARGET = 9.3;
				LD_RUNPATH_SEARCH_PATHS = "$(inherited) @executable_path/Frameworks";
				PRODUCT_BUNDLE_IDENTIFIER = com.hsy.CustomPJ;
				PRODUCT_NAME = "$(TARGET_NAME)";
				TARGETED_DEVICE_FAMILY = "1,2";
			};
			name = Debug;
		};
		64C78EB91EE007AE007D2DF8 /* Release */ = {
			isa = XCBuildConfiguration;
			buildSettings = {
				ASSETCATALOG_COMPILER_APPICON_NAME = AppIcon;
				ASSETCATALOG_COMPILER_LAUNCHIMAGE_NAME = LaunchImage;
				DEVELOPMENT_TEAM = SQH5JS2X8A;
				GCC_PRECOMPILE_PREFIX_HEADER = YES;
				GCC_PREFIX_HEADER = "/Users/chaojie/Desktop/ 工作文件夹/CustomPJ/CustomPJ/CustomPJ-Prefix.pch";
				INFOPLIST_FILE = CustomPJ/Info.plist;
				IPHONEOS_DEPLOYMENT_TARGET = 9.3;
				LD_RUNPATH_SEARCH_PATHS = "$(inherited) @executable_path/Frameworks";
				PRODUCT_BUNDLE_IDENTIFIER = com.hsy.CustomPJ;
				PRODUCT_NAME = "$(TARGET_NAME)";
				TARGETED_DEVICE_FAMILY = "1,2";
			};
			name = Release;
		};
		64C78EBB1EE007AE007D2DF8 /* Debug */ = {
			isa = XCBuildConfiguration;
			buildSettings = {
				BUNDLE_LOADER = "$(TEST_HOST)";
				DEVELOPMENT_TEAM = CSHWSD3VEH;
				INFOPLIST_FILE = CustomPJTests/Info.plist;
				LD_RUNPATH_SEARCH_PATHS = "$(inherited) @executable_path/Frameworks @loader_path/Frameworks";
				PRODUCT_BUNDLE_IDENTIFIER = com.hsy.CustomPJTests;
				PRODUCT_NAME = "$(TARGET_NAME)";
				TEST_HOST = "$(BUILT_PRODUCTS_DIR)/CustomPJ.app/CustomPJ";
			};
			name = Debug;
		};
		64C78EBC1EE007AE007D2DF8 /* Release */ = {
			isa = XCBuildConfiguration;
			buildSettings = {
				BUNDLE_LOADER = "$(TEST_HOST)";
				DEVELOPMENT_TEAM = CSHWSD3VEH;
				INFOPLIST_FILE = CustomPJTests/Info.plist;
				LD_RUNPATH_SEARCH_PATHS = "$(inherited) @executable_path/Frameworks @loader_path/Frameworks";
				PRODUCT_BUNDLE_IDENTIFIER = com.hsy.CustomPJTests;
				PRODUCT_NAME = "$(TARGET_NAME)";
				TEST_HOST = "$(BUILT_PRODUCTS_DIR)/CustomPJ.app/CustomPJ";
			};
			name = Release;
		};
		64C78EBE1EE007AE007D2DF8 /* Debug */ = {
			isa = XCBuildConfiguration;
			buildSettings = {
				DEVELOPMENT_TEAM = CSHWSD3VEH;
				INFOPLIST_FILE = CustomPJUITests/Info.plist;
				LD_RUNPATH_SEARCH_PATHS = "$(inherited) @executable_path/Frameworks @loader_path/Frameworks";
				PRODUCT_BUNDLE_IDENTIFIER = com.hsy.CustomPJUITests;
				PRODUCT_NAME = "$(TARGET_NAME)";
				TEST_TARGET_NAME = CustomPJ;
			};
			name = Debug;
		};
		64C78EBF1EE007AE007D2DF8 /* Release */ = {
			isa = XCBuildConfiguration;
			buildSettings = {
				DEVELOPMENT_TEAM = CSHWSD3VEH;
				INFOPLIST_FILE = CustomPJUITests/Info.plist;
				LD_RUNPATH_SEARCH_PATHS = "$(inherited) @executable_path/Frameworks @loader_path/Frameworks";
				PRODUCT_BUNDLE_IDENTIFIER = com.hsy.CustomPJUITests;
				PRODUCT_NAME = "$(TARGET_NAME)";
				TEST_TARGET_NAME = CustomPJ;
			};
			name = Release;
		};
/* End XCBuildConfiguration section */

/* Begin XCConfigurationList section */
		64C78E851EE007AD007D2DF8 /* Build configuration list for PBXProject "CustomPJ" */ = {
			isa = XCConfigurationList;
			buildConfigurations = (
				64C78EB51EE007AE007D2DF8 /* Debug */,
				64C78EB61EE007AE007D2DF8 /* Release */,
			);
			defaultConfigurationIsVisible = 0;
			defaultConfigurationName = Release;
		};
		64C78EB71EE007AE007D2DF8 /* Build configuration list for PBXNativeTarget "CustomPJ" */ = {
			isa = XCConfigurationList;
			buildConfigurations = (
				64C78EB81EE007AE007D2DF8 /* Debug */,
				64C78EB91EE007AE007D2DF8 /* Release */,
			);
			defaultConfigurationIsVisible = 0;
			defaultConfigurationName = Release;
		};
		64C78EBA1EE007AE007D2DF8 /* Build configuration list for PBXNativeTarget "CustomPJTests" */ = {
			isa = XCConfigurationList;
			buildConfigurations = (
				64C78EBB1EE007AE007D2DF8 /* Debug */,
				64C78EBC1EE007AE007D2DF8 /* Release */,
			);
			defaultConfigurationIsVisible = 0;
			defaultConfigurationName = Release;
		};
		64C78EBD1EE007AE007D2DF8 /* Build configuration list for PBXNativeTarget "CustomPJUITests" */ = {
			isa = XCConfigurationList;
			buildConfigurations = (
				64C78EBE1EE007AE007D2DF8 /* Debug */,
				64C78EBF1EE007AE007D2DF8 /* Release */,
			);
			defaultConfigurationIsVisible = 0;
			defaultConfigurationName = Release;
		};
/* End XCConfigurationList section */
	};
	rootObject = 64C78E821EE007AD007D2DF8 /* Project object */;
}
